
Microsoft Visual Studio Solution File, Format Version 12.00
# Visual Studio Version 16
VisualStudioVersion = 16.0.29509.3
MinimumVisualStudioVersion = 10.0.40219.1
Project("{FAE04EC0-301F-11D3-BF4B-00C04F79EFBC}") = "TrinketHelper", "TrinketHelper\TrinketHelper.csproj", "{C891375C-F051-4A09-9557-6C737F06F099}"
EndProject
Global
	GlobalSection(SolutionConfigurationPlatforms) = preSolution
		Debug|Any CPU = Debug|Any CPU
		Release|Any CPU = Release|Any CPU
	EndGlobalSection
	GlobalSection(ProjectConfigurationPlatforms) = postSolution
		{C891375C-F051-4A09-9557-6C737F06F099}.Debug|Any CPU.ActiveCfg = Debug|Any CPU
		{C891375C-F051-4A09-9557-6C737F06F099}.Debug|Any CPU.Build.0 = Debug|Any CPU
		{C891375C-F051-4A09-9557-6C737F06F099}.Release|Any CPU.ActiveCfg = Release|Any CPU
		{C891375C-F051-4A09-9557-6C737F06F099}.Release|Any CPU.Build.0 = Release|Any CPU
	EndGlobalSection
	GlobalSection(SolutionProperties) = preSolution
		HideSolutionNode = FALSE
	EndGlobalSection
	GlobalSection(ExtensibilityGlobals) = postSolution
		SolutionGuid = {0129CD33-8BA1-41C7-8547-40874E4E81E9}
	EndGlobalSection
EndGlobal
